<?xml version="1.0" encoding="utf-8"?>
<Project ToolsVersion="4.0" xmlns="http://schemas.microsoft.com/developer/msbuild/2003">
  <ItemGroup>
    <Filter Include="Source Files">
      <UniqueIdentifier>{aee21b3c-628e-4222-af54-040e20be7685}</UniqueIdentifier>
      <Extensions>cpp;c;cxx;def;odl;idl;hpj;bat;asm</Extensions>
    </Filter>
    <Filter Include="Resource Files">
      <UniqueIdentifier>{d5278a14-357b-4c50-b806-8c59ae36f192}</UniqueIdentifier>
      <Extensions>rc;ico;cur;bmp;dlg;rc2;rct;bin;rgs;jpg;jpeg;jpe;manifest</Extensions>
    </Filter>
    <Filter Include="Installation">
      <UniqueIdentifier>{a38417d6-31c8-4074-8e54-781cbda30e19}</UniqueIdentifier>
    </Filter>
  </ItemGroup>
  <ItemGroup>
    <ClCompile Include="app.cpp">
      <Filter>Source Files</Filter>
    </ClCompile>
    <ClCompile Include="omAstApp.cpp">
      <Filter>Source Files</Filter>
    </ClCompile>
    <ClCompile Include="omAstApplicationSettings.cpp">
      <Filter>Source Files</Filter>
    </ClCompile>
    <ClCompile Include="omAstEditApplicationDlg.cpp">
      <Filter>Source Files</Filter>
    </ClCompile>
    <ClCompile Include="omAstLanguageSettings.cpp">
      <Filter>Source Files</Filter>
    </ClCompile>
    <ClCompile Include="omAstMainDlg.cpp">
      <Filter>Source Files</Filter>
    </ClCompile>
    <ClCompile Include="omAstMessageLogObserver.cpp">
      <Filter>Source Files</Filter>
    </ClCompile>
    <ClCompile Include="omAstRegisteredApplication.cpp">
      <Filter>Source Files</Filter>
    </ClCompile>
    <ClCompile Include="omAstResizable.cpp">
      <Filter>Source Files</Filter>
    </ClCompile>
    <ClCompile Include="omAstUtils.cpp">
      <Filter>Source Files</Filter>
    </ClCompile>
    <ClCompile Include="stdafx.cpp">
      <Filter>Source Files</Filter>
    </ClCompile>
  </ItemGroup>
  <ItemGroup>
    <ClInclude Include="omAstApp.h">
      <Filter>Source Files</Filter>
    </ClInclude>
    <ClInclude Include="omAstApplicationSettings.h">
      <Filter>Source Files</Filter>
    </ClInclude>
    <ClInclude Include="omAstDefines.h">
      <Filter>Source Files</Filter>
    </ClInclude>
    <ClInclude Include="omAstEditApplicationDlg.h">
      <Filter>Source Files</Filter>
    </ClInclude>
    <ClInclude Include="omAstLanguageSettings.h">
      <Filter>Source Files</Filter>
    </ClInclude>
    <ClInclude Include="omAstMainDlg.h">
      <Filter>Source Files</Filter>
    </ClInclude>
    <ClInclude Include="omAstMessageLogObserver.h">
      <Filter>Source Files</Filter>
    </ClInclude>
    <ClInclude Include="omAstRegisteredApplication.h">
      <Filter>Source Files</Filter>
    </ClInclude>
    <ClInclude Include="omAstResizable.h">
      <Filter>Source Files</Filter>
    </ClInclude>
    <ClInclude Include="omAstUtils.h">
      <Filter>Source Files</Filter>
    </ClInclude>
    <ClInclude Include="stdafx.h">
      <Filter>Source Files</Filter>
    </ClInclude>
    <ClInclude Include="resource.h">
      <Filter>Resource Files</Filter>
    </ClInclude>
  </ItemGroup>
  <ItemGroup>
    <None Include="versionInfo.xml">
      <Filter>Source Files</Filter>
    </None>
    <None Include="res\app.ico">
      <Filter>Resource Files</Filter>
    </None>
    <None Include="app.rc2">
      <Filter>Resource Files</Filter>
    </None>
  </ItemGroup>
  <ItemGroup>
    <ResourceCompile Include="app.rc">
      <Filter>Resource Files</Filter>
    </ResourceCompile>
    <ResourceCompile Include="res\omAstVersion.rc">
      <Filter>Resource Files</Filter>
    </ResourceCompile>
  </ItemGroup>
  <ItemGroup>
    <CustomBuild Include="asinvoker.manifest">
      <Filter>Source Files</Filter>
    </CustomBuild>
    <CustomBuild Include="omRMkeys.TXT">
      <Filter>Installation</Filter>
    </CustomBuild>
  </ItemGroup>
</Project>