<?xml version="1.0" encoding="utf-8"?>
<Project ToolsVersion="4.0" xmlns="http://schemas.microsoft.com/developer/msbuild/2003">
  <ItemGroup>
    <Filter Include="Source Files">
      <UniqueIdentifier>{4FC737F1-C7A5-4376-A066-2A32D752A2FF}</UniqueIdentifier>
      <Extensions>cpp;c;cc;cxx;def;odl;idl;hpj;bat;asm;asmx</Extensions>
    </Filter>
    <Filter Include="Header Files">
      <UniqueIdentifier>{93995380-89BD-4b04-88EB-625FBE52EBFB}</UniqueIdentifier>
      <Extensions>h;hh;hpp;hxx;hm;inl;inc;xsd</Extensions>
    </Filter>
    <Filter Include="Resource Files">
      <UniqueIdentifier>{67DA6AB6-F800-4c08-8B7A-83BB121AAD01}</UniqueIdentifier>
      <Extensions>rc;ico;cur;bmp;dlg;rc2;rct;bin;rgs;gif;jpg;jpeg;jpe;resx;tiff;tif;png;wav;mfcribbon-ms</Extensions>
    </Filter>
    <Filter Include="Header Files\broadcast">
      <UniqueIdentifier>{2f979afe-cdf2-4533-91e9-2d600cc98f1c}</UniqueIdentifier>
    </Filter>
    <Filter Include="broadcast">
      <UniqueIdentifier>{21ba52ff-2cb7-4d0b-a428-e61f478549e1}</UniqueIdentifier>
    </Filter>
  </ItemGroup>
  <ItemGroup>
    <ClInclude Include="commandhandshake.h">
      <Filter>Header Files</Filter>
    </ClInclude>
    <ClInclude Include="resource.h">
      <Filter>Header Files</Filter>
    </ClInclude>
    <ClInclude Include="stdafx.h">
      <Filter>Header Files</Filter>
    </ClInclude>
    <ClInclude Include="tpanalysisimpl.h">
      <Filter>Header Files</Filter>
    </ClInclude>
    <ClInclude Include="tpanalysiskeys.h">
      <Filter>Header Files</Filter>
    </ClInclude>
    <ClInclude Include="tp_simpleCommands.h">
      <Filter>Header Files</Filter>
    </ClInclude>
    <ClInclude Include="common_functions.h">
      <Filter>Header Files</Filter>
    </ClInclude>
    <ClInclude Include="tp_listener.h">
      <Filter>Header Files\broadcast</Filter>
    </ClInclude>
    <ClInclude Include="tp_listeningclass.h">
      <Filter>Header Files\broadcast</Filter>
    </ClInclude>
    <ClInclude Include="tp_signalemitter.h">
      <Filter>Header Files\broadcast</Filter>
    </ClInclude>
    <ClInclude Include="tp_localevent.h">
      <Filter>Header Files\broadcast</Filter>
    </ClInclude>
    <ClInclude Include="tpanalysepropertieskeys.h">
      <Filter>Header Files</Filter>
    </ClInclude>
    <ClInclude Include="tpanalysepropertiesimpl.h">
      <Filter>Header Files</Filter>
    </ClInclude>
    <ClInclude Include="tpanalyseproperties.h">
      <Filter>Header Files</Filter>
    </ClInclude>
  </ItemGroup>
  <ItemGroup>
    <ClCompile Include="dllmain.cpp">
      <Filter>Source Files</Filter>
    </ClCompile>
    <ClCompile Include="stdafx.cpp">
      <Filter>Source Files</Filter>
    </ClCompile>
    <ClCompile Include="tpanalysisimpl.cpp">
      <Filter>Source Files</Filter>
    </ClCompile>
    <ClCompile Include="tp_simpleCommands.cpp">
      <Filter>Source Files</Filter>
    </ClCompile>
    <ClCompile Include="common_functions.cpp">
      <Filter>Source Files</Filter>
    </ClCompile>
    <ClCompile Include="tp_signalemitter.cpp">
      <Filter>broadcast</Filter>
    </ClCompile>
    <ClCompile Include="tpanalysepropertiesimpl.cpp">
      <Filter>Source Files</Filter>
    </ClCompile>
  </ItemGroup>
  <ItemGroup>
    <ResourceCompile Include="version.rc">
      <Filter>Resource Files</Filter>
    </ResourceCompile>
  </ItemGroup>
  <ItemGroup>
    <Text Include="versionnumber.txt" />
  </ItemGroup>
</Project>